<?xml version="1.0"?>
<CONFIG>
  <ProjectOptions>
    <Version Value="9"/>
    <PathDelim Value="\"/>
    <General>
      <Flags>
        <MainUnitHasCreateFormStatements Value="False"/>
        <MainUnitHasTitleStatement Value="False"/>
      </Flags>
      <SessionStorage Value="InProjectDir"/>
      <MainUnit Value="0"/>
      <Title Value="vm_lib"/>
      <UseAppBundle Value="False"/>
      <ResourceType Value="res"/>
    </General>
    <i18n>
      <EnableI18N LFM="False"/>
    </i18n>
    <VersionInfo>
      <StringTable ProductVersion=""/>
    </VersionInfo>
    <BuildModes Count="1">
      <Item1 Name="Default" Default="True"/>
    </BuildModes>
    <PublishOptions>
      <Version Value="2"/>
      <IncludeFileFilter Value="*.(pas|pp|inc|lfm|lpr|lrs|lpi|lpk|sh|xml)"/>
      <ExcludeFileFilter Value="*.(bak|ppu|o|so);*~;backup"/>
    </PublishOptions>
    <RunParams>
      <local>
        <FormatVersion Value="1"/>
      </local>
    </RunParams>
    <Units Count="5">
      <Unit0>
        <Filename Value="ssvm.lpr"/>
        <IsPartOfProject Value="True"/>
        <UnitName Value="ssvm"/>
      </Unit0>
      <Unit1>
        <Filename Value="vm.pas"/>
        <IsPartOfProject Value="True"/>
        <UnitName Value="VM"/>
      </Unit1>
      <Unit2>
        <Filename Value="vmhandlers.pas"/>
        <IsPartOfProject Value="True"/>
        <UnitName Value="VMHandlers"/>
      </Unit2>
      <Unit3>
        <Filename Value="stack.pas"/>
        <IsPartOfProject Value="True"/>
        <UnitName Value="Stack"/>
      </Unit3>
      <Unit4>
        <Filename Value="loader.pas"/>
        <IsPartOfProject Value="True"/>
        <UnitName Value="Loader"/>
      </Unit4>
    </Units>
  </ProjectOptions>
  <CompilerOptions>
    <Version Value="11"/>
    <PathDelim Value="\"/>
    <Target>
      <Filename Value="../ssvm"/>
    </Target>
    <SearchPaths>
      <IncludeFiles Value="$(ProjOutDir);jit;bytecode\interpreter"/>
      <OtherUnitFiles Value="bytecode;bytecode\interpreter;gc;jit;jit\x86"/>
      <UnitOutputDirectory Value="lib\$(TargetCPU)-$(TargetOS)"/>
    </SearchPaths>
    <Parsing>
      <Style Value="1"/>
    </Parsing>
    <CodeGeneration>
      <SmartLinkUnit Value="True"/>
      <RelocatableUnit Value="True"/>
    </CodeGeneration>
    <Linking>
      <Options>
        <ExecutableType Value="Library"/>
      </Options>
    </Linking>
    <Other>
      <CompilerMessages>
        <MsgFileName Value=""/>
      </CompilerMessages>
      <CustomOptions Value="-vm4055 -Madvancedrecords"/>
      <CompilerPath Value="$(CompPath)"/>
    </Other>
  </CompilerOptions>
  <Debugging>
    <Exceptions Count="3">
      <Item1>
        <Name Value="EAbort"/>
      </Item1>
      <Item2>
        <Name Value="ECodetoolError"/>
      </Item2>
      <Item3>
        <Name Value="EFOpenError"/>
      </Item3>
    </Exceptions>
  </Debugging>
</CONFIG>
